// !$*UTF8*$!
{
	archiveVersion = 1;
	classes = {
	};
	objectVersion = 50;
	objects = {

/* Begin PBXBuildFile section */
		C5210ED8247A202E007A05C5 /* GameController.swift in Sources */ = {isa = PBXBuildFile; fileRef = C5A87F752449C20800FF18B5 /* GameController.swift */; };
		C5210ED9247A204F007A05C5 /* AppDelegate.swift in Sources */ = {isa = PBXBuildFile; fileRef = C5A87F6D2449C20800FF18B5 /* AppDelegate.swift */; };
		C5210EDA247A204F007A05C5 /* GameScene.swift in Sources */ = {isa = PBXBuildFile; fileRef = C5A87F732449C20800FF18B5 /* GameScene.swift */; };
		C5A87F6E2449C20800FF18B5 /* AppDelegate.swift in Sources */ = {isa = PBXBuildFile; fileRef = C5A87F6D2449C20800FF18B5 /* AppDelegate.swift */; };
		C5A87F702449C20800FF18B5 /* GameScene.sks in Resources */ = {isa = PBXBuildFile; fileRef = C5A87F6F2449C20800FF18B5 /* GameScene.sks */; };
		C5A87F722449C20800FF18B5 /* Actions.sks in Resources */ = {isa = PBXBuildFile; fileRef = C5A87F712449C20800FF18B5 /* Actions.sks */; };
		C5A87F742449C20800FF18B5 /* GameScene.swift in Sources */ = {isa = PBXBuildFile; fileRef = C5A87F732449C20800FF18B5 /* GameScene.swift */; };
		C5A87F762449C20800FF18B5 /* GameController.swift in Sources */ = {isa = PBXBuildFile; fileRef = C5A87F752449C20800FF18B5 /* GameController.swift */; };
		C5A87F782449C20B00FF18B5 /* Assets.xcassets in Resources */ = {isa = PBXBuildFile; fileRef = C5A87F772449C20B00FF18B5 /* Assets.xcassets */; };
		C5A87F7B2449C20B00FF18B5 /* Main.storyboard in Resources */ = {isa = PBXBuildFile; fileRef = C5A87F792449C20B00FF18B5 /* Main.storyboard */; };
		C5A87F872449C20C00FF18B5 /* GameOfLifeTests.swift in Sources */ = {isa = PBXBuildFile; fileRef = C5A87F862449C20C00FF18B5 /* GameOfLifeTests.swift */; };
		C5A87F922449C20C00FF18B5 /* GameOfLifeUITests.swift in Sources */ = {isa = PBXBuildFile; fileRef = C5A87F912449C20C00FF18B5 /* GameOfLifeUITests.swift */; };
		C5CD1D45245A7BEC00AA56A2 /* GameSideController.swift in Sources */ = {isa = PBXBuildFile; fileRef = C5CD1D44245A7BEC00AA56A2 /* GameSideController.swift */; };
		C5CD1D46245A7BEC00AA56A2 /* GameSideController.swift in Sources */ = {isa = PBXBuildFile; fileRef = C5CD1D44245A7BEC00AA56A2 /* GameSideController.swift */; };
		C5CD1D48245AD9E400AA56A2 /* SplitViewController.swift in Sources */ = {isa = PBXBuildFile; fileRef = C5CD1D47245AD9E400AA56A2 /* SplitViewController.swift */; };
		C5CD1D49245AD9E400AA56A2 /* SplitViewController.swift in Sources */ = {isa = PBXBuildFile; fileRef = C5CD1D47245AD9E400AA56A2 /* SplitViewController.swift */; };
		C5CD1D4E245D3CD700AA56A2 /* World.swift in Sources */ = {isa = PBXBuildFile; fileRef = C5CD1D4D245D3CD700AA56A2 /* World.swift */; };
		C5CD1D4F245D3CD700AA56A2 /* World.swift in Sources */ = {isa = PBXBuildFile; fileRef = C5CD1D4D245D3CD700AA56A2 /* World.swift */; };
		C5CD1D51245ECFBE00AA56A2 /* LICENSE in Resources */ = {isa = PBXBuildFile; fileRef = C5CD1D50245ECFBE00AA56A2 /* LICENSE */; };
/* End PBXBuildFile section */

/* Begin PBXContainerItemProxy section */
		C5A87F832449C20C00FF18B5 /* PBXContainerItemProxy */ = {
			isa = PBXContainerItemProxy;
			containerPortal = C5A87F622449C20800FF18B5 /* Project object */;
			proxyType = 1;
			remoteGlobalIDString = C5A87F692449C20800FF18B5;
			remoteInfo = GameOfLife;
		};
		C5A87F8E2449C20C00FF18B5 /* PBXContainerItemProxy */ = {
			isa = PBXContainerItemProxy;
			containerPortal = C5A87F622449C20800FF18B5 /* Project object */;
			proxyType = 1;
			remoteGlobalIDString = C5A87F692449C20800FF18B5;
			remoteInfo = GameOfLife;
		};
/* End PBXContainerItemProxy section */

/* Begin PBXFileReference section */
		C5A87F6A2449C20800FF18B5 /* GameOfLife.app */ = {isa = PBXFileReference; explicitFileType = wrapper.application; includeInIndex = 0; path = GameOfLife.app; sourceTree = BUILT_PRODUCTS_DIR; };
		C5A87F6D2449C20800FF18B5 /* AppDelegate.swift */ = {isa = PBXFileReference; lastKnownFileType = sourcecode.swift; path = AppDelegate.swift; sourceTree = "<group>"; };
		C5A87F6F2449C20800FF18B5 /* GameScene.sks */ = {isa = PBXFileReference; lastKnownFileType = file.sks; path = GameScene.sks; sourceTree = "<group>"; };
		C5A87F712449C20800FF18B5 /* Actions.sks */ = {isa = PBXFileReference; lastKnownFileType = file.sks; path = Actions.sks; sourceTree = "<group>"; };
		C5A87F732449C20800FF18B5 /* GameScene.swift */ = {isa = PBXFileReference; lastKnownFileType = sourcecode.swift; path = GameScene.swift; sourceTree = "<group>"; };
		C5A87F752449C20800FF18B5 /* GameController.swift */ = {isa = PBXFileReference; lastKnownFileType = sourcecode.swift; path = GameController.swift; sourceTree = "<group>"; };
		C5A87F772449C20B00FF18B5 /* Assets.xcassets */ = {isa = PBXFileReference; lastKnownFileType = folder.assetcatalog; path = Assets.xcassets; sourceTree = "<group>"; };
		C5A87F7A2449C20B00FF18B5 /* Base */ = {isa = PBXFileReference; lastKnownFileType = file.storyboard; name = Base; path = Base.lproj/Main.storyboard; sourceTree = "<group>"; };
		C5A87F7C2449C20B00FF18B5 /* Info.plist */ = {isa = PBXFileReference; lastKnownFileType = text.plist.xml; path = Info.plist; sourceTree = "<group>"; };
		C5A87F7D2449C20B00FF18B5 /* GameOfLife.entitlements */ = {isa = PBXFileReference; lastKnownFileType = text.plist.entitlements; path = GameOfLife.entitlements; sourceTree = "<group>"; };
		C5A87F822449C20C00FF18B5 /* GameOfLifeTests.xctest */ = {isa = PBXFileReference; explicitFileType = wrapper.cfbundle; includeInIndex = 0; path = GameOfLifeTests.xctest; sourceTree = BUILT_PRODUCTS_DIR; };
		C5A87F862449C20C00FF18B5 /* GameOfLifeTests.swift */ = {isa = PBXFileReference; lastKnownFileType = sourcecode.swift; path = GameOfLifeTests.swift; sourceTree = "<group>"; };
		C5A87F882449C20C00FF18B5 /* Info.plist */ = {isa = PBXFileReference; lastKnownFileType = text.plist.xml; path = Info.plist; sourceTree = "<group>"; };
		C5A87F8D2449C20C00FF18B5 /* GameOfLifeUITests.xctest */ = {isa = PBXFileReference; explicitFileType = wrapper.cfbundle; includeInIndex = 0; path = GameOfLifeUITests.xctest; sourceTree = BUILT_PRODUCTS_DIR; };
		C5A87F912449C20C00FF18B5 /* GameOfLifeUITests.swift */ = {isa = PBXFileReference; lastKnownFileType = sourcecode.swift; path = GameOfLifeUITests.swift; sourceTree = "<group>"; };
		C5A87F932449C20C00FF18B5 /* Info.plist */ = {isa = PBXFileReference; lastKnownFileType = text.plist.xml; path = Info.plist; sourceTree = "<group>"; };
		C5CD1D44245A7BEC00AA56A2 /* GameSideController.swift */ = {isa = PBXFileReference; lastKnownFileType = sourcecode.swift; path = GameSideController.swift; sourceTree = "<group>"; };
		C5CD1D47245AD9E400AA56A2 /* SplitViewController.swift */ = {isa = PBXFileReference; lastKnownFileType = sourcecode.swift; path = SplitViewController.swift; sourceTree = "<group>"; };
		C5CD1D4D245D3CD700AA56A2 /* World.swift */ = {isa = PBXFileReference; lastKnownFileType = sourcecode.swift; path = World.swift; sourceTree = "<group>"; };
		C5CD1D50245ECFBE00AA56A2 /* LICENSE */ = {isa = PBXFileReference; lastKnownFileType = text; path = LICENSE; sourceTree = "<group>"; };
		C5CD1D52245ECFD800AA56A2 /* README.md */ = {isa = PBXFileReference; lastKnownFileType = net.daringfireball.markdown; path = README.md; sourceTree = "<group>"; };
/* End PBXFileReference section */

/* Begin PBXFrameworksBuildPhase section */
		C5A87F672449C20800FF18B5 /* Frameworks */ = {
			isa = PBXFrameworksBuildPhase;
			buildActionMask = 2147483647;
			files = (
			);
			runOnlyForDeploymentPostprocessing = 0;
		};
		C5A87F7F2449C20C00FF18B5 /* Frameworks */ = {
			isa = PBXFrameworksBuildPhase;
			buildActionMask = 2147483647;
			files = (
			);
			runOnlyForDeploymentPostprocessing = 0;
		};
		C5A87F8A2449C20C00FF18B5 /* Frameworks */ = {
			isa = PBXFrameworksBuildPhase;
			buildActionMask = 2147483647;
			files = (
			);
			runOnlyForDeploymentPostprocessing = 0;
		};
/* End PBXFrameworksBuildPhase section */

/* Begin PBXGroup section */
		C5A87F612449C20800FF18B5 = {
			isa = PBXGroup;
			children = (
				C5CD1D52245ECFD800AA56A2 /* README.md */,
				C5CD1D50245ECFBE00AA56A2 /* LICENSE */,
				C5A87F6C2449C20800FF18B5 /* GameOfLife */,
				C5A87F852449C20C00FF18B5 /* GameOfLifeTests */,
				C5A87F902449C20C00FF18B5 /* GameOfLifeUITests */,
				C5A87F6B2449C20800FF18B5 /* Products */,
			);
			sourceTree = "<group>";
		};
		C5A87F6B2449C20800FF18B5 /* Products */ = {
			isa = PBXGroup;
			children = (
				C5A87F6A2449C20800FF18B5 /* GameOfLife.app */,
				C5A87F822449C20C00FF18B5 /* GameOfLifeTests.xctest */,
				C5A87F8D2449C20C00FF18B5 /* GameOfLifeUITests.xctest */,
			);
			name = Products;
			sourceTree = "<group>";
		};
		C5A87F6C2449C20800FF18B5 /* GameOfLife */ = {
			isa = PBXGroup;
			children = (
				C5A87F6D2449C20800FF18B5 /* AppDelegate.swift */,
				C5A87F6F2449C20800FF18B5 /* GameScene.sks */,
				C5A87F712449C20800FF18B5 /* Actions.sks */,
				C5A87F732449C20800FF18B5 /* GameScene.swift */,
				C5A87F752449C20800FF18B5 /* GameController.swift */,
				C5A87F772449C20B00FF18B5 /* Assets.xcassets */,
				C5A87F792449C20B00FF18B5 /* Main.storyboard */,
				C5A87F7C2449C20B00FF18B5 /* Info.plist */,
				C5A87F7D2449C20B00FF18B5 /* GameOfLife.entitlements */,
				C5CD1D44245A7BEC00AA56A2 /* GameSideController.swift */,
				C5CD1D47245AD9E400AA56A2 /* SplitViewController.swift */,
				C5CD1D4D245D3CD700AA56A2 /* World.swift */,
			);
			path = GameOfLife;
			sourceTree = "<group>";
		};
		C5A87F852449C20C00FF18B5 /* GameOfLifeTests */ = {
			isa = PBXGroup;
			children = (
				C5A87F862449C20C00FF18B5 /* GameOfLifeTests.swift */,
				C5A87F882449C20C00FF18B5 /* Info.plist */,
			);
			path = GameOfLifeTests;
			sourceTree = "<group>";
		};
		C5A87F902449C20C00FF18B5 /* GameOfLifeUITests */ = {
			isa = PBXGroup;
			children = (
				C5A87F912449C20C00FF18B5 /* GameOfLifeUITests.swift */,
				C5A87F932449C20C00FF18B5 /* Info.plist */,
			);
			path = GameOfLifeUITests;
			sourceTree = "<group>";
		};
/* End PBXGroup section */

/* Begin PBXNativeTarget section */
		C5A87F692449C20800FF18B5 /* GameOfLife */ = {
			isa = PBXNativeTarget;
			buildConfigurationList = C5A87F962449C20C00FF18B5 /* Build configuration list for PBXNativeTarget "GameOfLife" */;
			buildPhases = (
				C5A87F662449C20800FF18B5 /* Sources */,
				C5A87F672449C20800FF18B5 /* Frameworks */,
				C5A87F682449C20800FF18B5 /* Resources */,
			);
			buildRules = (
			);
			dependencies = (
			);
			name = GameOfLife;
			productName = GameOfLife;
			productReference = C5A87F6A2449C20800FF18B5 /* GameOfLife.app */;
			productType = "com.apple.product-type.application";
		};
		C5A87F812449C20C00FF18B5 /* GameOfLifeTests */ = {
			isa = PBXNativeTarget;
			buildConfigurationList = C5A87F992449C20C00FF18B5 /* Build configuration list for PBXNativeTarget "GameOfLifeTests" */;
			buildPhases = (
				C5A87F7E2449C20C00FF18B5 /* Sources */,
				C5A87F7F2449C20C00FF18B5 /* Frameworks */,
				C5A87F802449C20C00FF18B5 /* Resources */,
			);
			buildRules = (
			);
			dependencies = (
				C5A87F842449C20C00FF18B5 /* PBXTargetDependency */,
			);
			name = GameOfLifeTests;
			productName = GameOfLifeTests;
			productReference = C5A87F822449C20C00FF18B5 /* GameOfLifeTests.xctest */;
			productType = "com.apple.product-type.bundle.unit-test";
		};
		C5A87F8C2449C20C00FF18B5 /* GameOfLifeUITests */ = {
			isa = PBXNativeTarget;
			buildConfigurationList = C5A87F9C2449C20C00FF18B5 /* Build configuration list for PBXNativeTarget "GameOfLifeUITests" */;
			buildPhases = (
				C5A87F892449C20C00FF18B5 /* Sources */,
				C5A87F8A2449C20C00FF18B5 /* Frameworks */,
				C5A87F8B2449C20C00FF18B5 /* Resources */,
			);
			buildRules = (
			);
			dependencies = (
				C5A87F8F2449C20C00FF18B5 /* PBXTargetDependency */,
			);
			name = GameOfLifeUITests;
			productName = GameOfLifeUITests;
			productReference = C5A87F8D2449C20C00FF18B5 /* GameOfLifeUITests.xctest */;
			productType = "com.apple.product-type.bundle.ui-testing";
		};
/* End PBXNativeTarget section */

/* Begin PBXProject section */
		C5A87F622449C20800FF18B5 /* Project object */ = {
			isa = PBXProject;
			attributes = {
				LastSwiftUpdateCheck = 1140;
				LastUpgradeCheck = 1140;
				ORGANIZATIONNAME = "Hongze Xia";
				TargetAttributes = {
					C5A87F692449C20800FF18B5 = {
						CreatedOnToolsVersion = 11.4.1;
					};
					C5A87F812449C20C00FF18B5 = {
						CreatedOnToolsVersion = 11.4.1;
						TestTargetID = C5A87F692449C20800FF18B5;
					};
					C5A87F8C2449C20C00FF18B5 = {
						CreatedOnToolsVersion = 11.4.1;
						TestTargetID = C5A87F692449C20800FF18B5;
					};
				};
			};
			buildConfigurationList = C5A87F652449C20800FF18B5 /* Build configuration list for PBXProject "GameOfLife" */;
			compatibilityVersion = "Xcode 9.3";
			developmentRegion = en;
			hasScannedForEncodings = 0;
			knownRegions = (
				en,
				Base,
			);
			mainGroup = C5A87F612449C20800FF18B5;
			productRefGroup = C5A87F6B2449C20800FF18B5 /* Products */;
			projectDirPath = "";
			projectRoot = "";
			targets = (
				C5A87F692449C20800FF18B5 /* GameOfLife */,
				C5A87F812449C20C00FF18B5 /* GameOfLifeTests */,
				C5A87F8C2449C20C00FF18B5 /* GameOfLifeUITests */,
			);
		};
/* End PBXProject section */

/* Begin PBXResourcesBuildPhase section */
		C5A87F682449C20800FF18B5 /* Resources */ = {
			isa = PBXResourcesBuildPhase;
			buildActionMask = 2147483647;
			files = (
				C5A87F702449C20800FF18B5 /* GameScene.sks in Resources */,
				C5A87F782449C20B00FF18B5 /* Assets.xcassets in Resources */,
				C5A87F722449C20800FF18B5 /* Actions.sks in Resources */,
				C5A87F7B2449C20B00FF18B5 /* Main.storyboard in Resources */,
				C5CD1D51245ECFBE00AA56A2 /* LICENSE in Resources */,
			);
			runOnlyForDeploymentPostprocessing = 0;
		};
		C5A87F802449C20C00FF18B5 /* Resources */ = {
			isa = PBXResourcesBuildPhase;
			buildActionMask = 2147483647;
			files = (
			);
			runOnlyForDeploymentPostprocessing = 0;
		};
		C5A87F8B2449C20C00FF18B5 /* Resources */ = {
			isa = PBXResourcesBuildPhase;
			buildActionMask = 2147483647;
			files = (
			);
			runOnlyForDeploymentPostprocessing = 0;
		};
/* End PBXResourcesBuildPhase section */

/* Begin PBXSourcesBuildPhase section */
		C5A87F662449C20800FF18B5 /* Sources */ = {
			isa = PBXSourcesBuildPhase;
			buildActionMask = 2147483647;
			files = (
				C5CD1D4E245D3CD700AA56A2 /* World.swift in Sources */,
				C5CD1D48245AD9E400AA56A2 /* SplitViewController.swift in Sources */,
				C5A87F762449C20800FF18B5 /* GameController.swift in Sources */,
				C5A87F742449C20800FF18B5 /* GameScene.swift in Sources */,
				C5CD1D45245A7BEC00AA56A2 /* GameSideController.swift in Sources */,
				C5A87F6E2449C20800FF18B5 /* AppDelegate.swift in Sources */,
			);
			runOnlyForDeploymentPostprocessing = 0;
		};
		C5A87F7E2449C20C00FF18B5 /* Sources */ = {
			isa = PBXSourcesBuildPhase;
			buildActionMask = 2147483647;
			files = (
				C5210ED9247A204F007A05C5 /* AppDelegate.swift in Sources */,
				C5210EDA247A204F007A05C5 /* GameScene.swift in Sources */,
				C5210ED8247A202E007A05C5 /* GameController.swift in Sources */,
				C5CD1D46245A7BEC00AA56A2 /* GameSideController.swift in Sources */,
				C5A87F872449C20C00FF18B5 /* GameOfLifeTests.swift in Sources */,
				C5CD1D4F245D3CD700AA56A2 /* World.swift in Sources */,
				C5CD1D49245AD9E400AA56A2 /* SplitViewController.swift in Sources */,
			);
			runOnlyForDeploymentPostprocessing = 0;
		};
		C5A87F892449C20C00FF18B5 /* Sources */ = {
			isa = PBXSourcesBuildPhase;
			buildActionMask = 2147483647;
			files = (
				C5A87F922449C20C00FF18B5 /* GameOfLifeUITests.swift in Sources */,
			);
			runOnlyForDeploymentPostprocessing = 0;
		};
/* End PBXSourcesBuildPhase section */

/* Begin PBXTargetDependency section */
		C5A87F842449C20C00FF18B5 /* PBXTargetDependency */ = {
			isa = PBXTargetDependency;
			target = C5A87F692449C20800FF18B5 /* GameOfLife */;
			targetProxy = C5A87F832449C20C00FF18B5 /* PBXContainerItemProxy */;
		};
		C5A87F8F2449C20C00FF18B5 /* PBXTargetDependency */ = {
			isa = PBXTargetDependency;
			target = C5A87F692449C20800FF18B5 /* GameOfLife */;
			targetProxy = C5A87F8E2449C20C00FF18B5 /* PBXContainerItemProxy */;
		};
/* End PBXTargetDependency section */

/* Begin PBXVariantGroup section */
		C5A87F792449C20B00FF18B5 /* Main.storyboard */ = {
			isa = PBXVariantGroup;
			children = (
				C5A87F7A2449C20B00FF18B5 /* Base */,
			);
			name = Main.storyboard;
			sourceTree = "<group>";
		};
/* End PBXVariantGroup section */

/* Begin XCBuildConfiguration section */
		C5A87F942449C20C00FF18B5 /* Debug */ = {
			isa = XCBuildConfiguration;
			buildSettings = {
				ALWAYS_SEARCH_USER_PATHS = NO;
				CLANG_ANALYZER_NONNULL = YES;
				CLANG_ANALYZER_NUMBER_OBJECT_CONVERSION = YES_AGGRESSIVE;
				CLANG_CXX_LANGUAGE_STANDARD = "gnu++14";
				CLANG_CXX_LIBRARY = "libc++";
				CLANG_ENABLE_MODULES = YES;
				CLANG_ENABLE_OBJC_ARC = YES;
				CLANG_ENABLE_OBJC_WEAK = YES;
				CLANG_WARN_BLOCK_CAPTURE_AUTORELEASING = YES;
				CLANG_WARN_BOOL_CONVERSION = YES;
				CLANG_WARN_COMMA = YES;
				CLANG_WARN_CONSTANT_CONVERSION = YES;
				CLANG_WARN_DEPRECATED_OBJC_IMPLEMENTATIONS = YES;
				CLANG_WARN_DIRECT_OBJC_ISA_USAGE = YES_ERROR;
				CLANG_WARN_DOCUMENTATION_COMMENTS = YES;
				CLANG_WARN_EMPTY_BODY = YES;
				CLANG_WARN_ENUM_CONVERSION = YES;
				CLANG_WARN_INFINITE_RECURSION = YES;
				CLANG_WARN_INT_CONVERSION = YES;
				CLANG_WARN_NON_LITERAL_NULL_CONVERSION = YES;
				CLANG_WARN_OBJC_IMPLICIT_RETAIN_SELF = YES;
				CLANG_WARN_OBJC_LITERAL_CONVERSION = YES;
				CLANG_WARN_OBJC_ROOT_CLASS = YES_ERROR;
				CLANG_WARN_RANGE_LOOP_ANALYSIS = YES;
				CLANG_WARN_STRICT_PROTOTYPES = YES;
				CLANG_WARN_SUSPICIOUS_MOVE = YES;
				CLANG_WARN_UNGUARDED_AVAILABILITY = YES_AGGRESSIVE;
				CLANG_WARN_UNREACHABLE_CODE = YES;
				CLANG_WARN__DUPLICATE_METHOD_MATCH = YES;
				COPY_PHASE_STRIP = NO;
				DEBUG_INFORMATION_FORMAT = dwarf;
				ENABLE_STRICT_OBJC_MSGSEND = YES;
				ENABLE_TESTABILITY = YES;
				GCC_C_LANGUAGE_STANDARD = gnu11;
				GCC_DYNAMIC_NO_PIC = NO;
				GCC_NO_COMMON_BLOCKS = YES;
				GCC_OPTIMIZATION_LEVEL = 0;
				GCC_PREPROCESSOR_DEFINITIONS = (
					"DEBUG=1",
					"$(inherited)",
				);
				GCC_WARN_64_TO_32_BIT_CONVERSION = YES;
				GCC_WARN_ABOUT_RETURN_TYPE = YES_ERROR;
				GCC_WARN_UNDECLARED_SELECTOR = YES;
				GCC_WARN_UNINITIALIZED_AUTOS = YES_AGGRESSIVE;
				GCC_WARN_UNUSED_FUNCTION = YES;
				GCC_WARN_UNUSED_VARIABLE = YES;
				MACOSX_DEPLOYMENT_TARGET = 10.15;
				MTL_ENABLE_DEBUG_INFO = INCLUDE_SOURCE;
				MTL_FAST_MATH = YES;
				ONLY_ACTIVE_ARCH = YES;
				SDKROOT = macosx;
				SWIFT_ACTIVE_COMPILATION_CONDITIONS = DEBUG;
				SWIFT_OPTIMIZATION_LEVEL = "-Onone";
			};
			name = Debug;
		};
		C5A87F952449C20C00FF18B5 /* Release */ = {
			isa = XCBuildConfiguration;
			buildSettings = {
				ALWAYS_SEARCH_USER_PATHS = NO;
				CLANG_ANALYZER_NONNULL = YES;
				CLANG_ANALYZER_NUMBER_OBJECT_CONVERSION = YES_AGGRESSIVE;
				CLANG_CXX_LANGUAGE_STANDARD = "gnu++14";
				CLANG_CXX_LIBRARY = "libc++";
				CLANG_ENABLE_MODULES = YES;
				CLANG_ENABLE_OBJC_ARC = YES;
				CLANG_ENABLE_OBJC_WEAK = YES;
				CLANG_WARN_BLOCK_CAPTURE_AUTORELEASING = YES;
				CLANG_WARN_BOOL_CONVERSION = YES;
				CLANG_WARN_COMMA = YES;
				CLANG_WARN_CONSTANT_CONVERSION = YES;
				CLANG_WARN_DEPRECATED_OBJC_IMPLEMENTATIONS = YES;
				CLANG_WARN_DIRECT_OBJC_ISA_USAGE = YES_ERROR;
				CLANG_WARN_DOCUMENTATION_COMMENTS = YES;
				CLANG_WARN_EMPTY_BODY = YES;
				CLANG_WARN_ENUM_CONVERSION = YES;
				CLANG_WARN_INFINITE_RECURSION = YES;
				CLANG_WARN_INT_CONVERSION = YES;
				CLANG_WARN_NON_LITERAL_NULL_CONVERSION = YES;
				CLANG_WARN_OBJC_IMPLICIT_RETAIN_SELF = YES;
				CLANG_WARN_OBJC_LITERAL_CONVERSION = YES;
				CLANG_WARN_OBJC_ROOT_CLASS = YES_ERROR;
				CLANG_WARN_RANGE_LOOP_ANALYSIS = YES;
				CLANG_WARN_STRICT_PROTOTYPES = YES;
				CLANG_WARN_SUSPICIOUS_MOVE = YES;
				CLANG_WARN_UNGUARDED_AVAILABILITY = YES_AGGRESSIVE;
				CLANG_WARN_UNREACHABLE_CODE = YES;
				CLANG_WARN__DUPLICATE_METHOD_MATCH = YES;
				COPY_PHASE_STRIP = NO;
				DEBUG_INFORMATION_FORMAT = "dwarf-with-dsym";
				ENABLE_NS_ASSERTIONS = NO;
				ENABLE_STRICT_OBJC_MSGSEND = YES;
				GCC_C_LANGUAGE_STANDARD = gnu11;
				GCC_NO_COMMON_BLOCKS = YES;
				GCC_WARN_64_TO_32_BIT_CONVERSION = YES;
				GCC_WARN_ABOUT_RETURN_TYPE = YES_ERROR;
				GCC_WARN_UNDECLARED_SELECTOR = YES;
				GCC_WARN_UNINITIALIZED_AUTOS = YES_AGGRESSIVE;
				GCC_WARN_UNUSED_FUNCTION = YES;
				GCC_WARN_UNUSED_VARIABLE = YES;
				MACOSX_DEPLOYMENT_TARGET = 10.15;
				MTL_ENABLE_DEBUG_INFO = NO;
				MTL_FAST_MATH = YES;
				SDKROOT = macosx;
				SWIFT_COMPILATION_MODE = wholemodule;
				SWIFT_OPTIMIZATION_LEVEL = "-O";
			};
			name = Release;
		};
		C5A87F972449C20C00FF18B5 /* Debug */ = {
			isa = XCBuildConfiguration;
			buildSettings = {
				ASSETCATALOG_COMPILER_APPICON_NAME = AppIcon;
				CODE_SIGN_ENTITLEMENTS = GameOfLife/GameOfLife.entitlements;
				CODE_SIGN_IDENTITY = "-";
				CODE_SIGN_STYLE = Automatic;
				COMBINE_HIDPI_IMAGES = YES;
				DEVELOPMENT_TEAM = 8DVGA3J7Y4;
				INFOPLIST_FILE = GameOfLife/Info.plist;
				LD_RUNPATH_SEARCH_PATHS = (
					"$(inherited)",
					"@executable_path/../Frameworks",
				);
				PRODUCT_BUNDLE_IDENTIFIER = Bigze.GameOfLife;
				PRODUCT_NAME = "$(TARGET_NAME)";
				SWIFT_VERSION = 5.0;
			};
			name = Debug;
		};
		C5A87F982449C20C00FF18B5 /* Release */ = {
			isa = XCBuildConfiguration;
			buildSettings = {
				ASSETCATALOG_COMPILER_APPICON_NAME = AppIcon;
				CODE_SIGN_ENTITLEMENTS = GameOfLife/GameOfLife.entitlements;
				CODE_SIGN_IDENTITY = "-";
				CODE_SIGN_STYLE = Automatic;
				COMBINE_HIDPI_IMAGES = YES;
				DEVELOPMENT_TEAM = 8DVGA3J7Y4;
				INFOPLIST_FILE = GameOfLife/Info.plist;
				LD_RUNPATH_SEARCH_PATHS = (
					"$(inherited)",
					"@executable_path/../Frameworks",
				);
				PRODUCT_BUNDLE_IDENTIFIER = Bigze.GameOfLife;
				PRODUCT_NAME = "$(TARGET_NAME)";
				SWIFT_VERSION = 5.0;
			};
			name = Release;
		};
		C5A87F9A2449C20C00FF18B5 /* Debug */ = {
			isa = XCBuildConfiguration;
			buildSettings = {
				ALWAYS_EMBED_SWIFT_STANDARD_LIBRARIES = YES;
				BUNDLE_LOADER = "$(TEST_HOST)";
				CODE_SIGN_STYLE = Automatic;
				COMBINE_HIDPI_IMAGES = YES;
				DEVELOPMENT_TEAM = 8DVGA3J7Y4;
				INFOPLIST_FILE = GameOfLifeTests/Info.plist;
				LD_RUNPATH_SEARCH_PATHS = (
					"$(inherited)",
					"@executable_path/../Frameworks",
					"@loader_path/../Frameworks",
				);
				MACOSX_DEPLOYMENT_TARGET = 10.15;
				PRODUCT_BUNDLE_IDENTIFIER = Bigze.GameOfLifeTests;
				PRODUCT_NAME = "$(TARGET_NAME)";
				SWIFT_VERSION = 5.0;
				TEST_HOST = "$(BUILT_PRODUCTS_DIR)/GameOfLife.app/Contents/MacOS/GameOfLife";
			};
			name = Debug;
		};
		C5A87F9B2449C20C00FF18B5 /* Release */ = {
			isa = XCBuildConfiguration;
			buildSettings = {
				ALWAYS_EMBED_SWIFT_STANDARD_LIBRARIES = YES;
				BUNDLE_LOADER = "$(TEST_HOST)";
				CODE_SIGN_STYLE = Automatic;
				COMBINE_HIDPI_IMAGES = YES;
				DEVELOPMENT_TEAM = 8DVGA3J7Y4;
				INFOPLIST_FILE = GameOfLifeTests/Info.plist;
				LD_RUNPATH_SEARCH_PATHS = (
					"$(inherited)",
					"@executable_path/../Frameworks",
					"@loader_path/../Frameworks",
				);
				MACOSX_DEPLOYMENT_TARGET = 10.15;
				PRODUCT_BUNDLE_IDENTIFIER = Bigze.GameOfLifeTests;
				PRODUCT_NAME = "$(TARGET_NAME)";
				SWIFT_VERSION = 5.0;
				TEST_HOST = "$(BUILT_PRODUCTS_DIR)/GameOfLife.app/Contents/MacOS/GameOfLife";
			};
			name = Release;
		};
		C5A87F9D2449C20C00FF18B5 /* Debug */ = {
			isa = XCBuildConfiguration;
			buildSettings = {
				ALWAYS_EMBED_SWIFT_STANDARD_LIBRARIES = YES;
				CODE_SIGN_STYLE = Automatic;
				COMBINE_HIDPI_IMAGES = YES;
				DEVELOPMENT_TEAM = 8DVGA3J7Y4;
				INFOPLIST_FILE = GameOfLifeUITests/Info.plist;
				LD_RUNPATH_SEARCH_PATHS = (
					"$(inherited)",
					"@executable_path/../Frameworks",
					"@loader_path/../Frameworks",
				);
				PRODUCT_BUNDLE_IDENTIFIER = Bigze.GameOfLifeUITests;
				PRODUCT_NAME = "$(TARGET_NAME)";
				SWIFT_VERSION = 5.0;
				TEST_TARGET_NAME = GameOfLife;
			};
			name = Debug;
		};
		C5A87F9E2449C20C00FF18B5 /* Release */ = {
			isa = XCBuildConfiguration;
			buildSettings = {
				ALWAYS_EMBED_SWIFT_STANDARD_LIBRARIES = YES;
				CODE_SIGN_STYLE = Automatic;
				COMBINE_HIDPI_IMAGES = YES;
				DEVELOPMENT_TEAM = 8DVGA3J7Y4;
				INFOPLIST_FILE = GameOfLifeUITests/Info.plist;
				LD_RUNPATH_SEARCH_PATHS = (
					"$(inherited)",
					"@executable_path/../Frameworks",
					"@loader_path/../Frameworks",
				);
				PRODUCT_BUNDLE_IDENTIFIER = Bigze.GameOfLifeUITests;
				PRODUCT_NAME = "$(TARGET_NAME)";
				SWIFT_VERSION = 5.0;
				TEST_TARGET_NAME = GameOfLife;
			};
			name = Release;
		};
/* End XCBuildConfiguration section */

/* Begin XCConfigurationList section */
		C5A87F652449C20800FF18B5 /* Build configuration list for PBXProject "GameOfLife" */ = {
			isa = XCConfigurationList;
			buildConfigurations = (
				C5A87F942449C20C00FF18B5 /* Debug */,
				C5A87F952449C20C00FF18B5 /* Release */,
			);
			defaultConfigurationIsVisible = 0;
			defaultConfigurationName = Release;
		};
		C5A87F962449C20C00FF18B5 /* Build configuration list for PBXNativeTarget "GameOfLife" */ = {
			isa = XCConfigurationList;
			buildConfigurations = (
				C5A87F972449C20C00FF18B5 /* Debug */,
				C5A87F982449C20C00FF18B5 /* Release */,
			);
			defaultConfigurationIsVisible = 0;
			defaultConfigurationName = Release;
		};
		C5A87F992449C20C00FF18B5 /* Build configuration list for PBXNativeTarget "GameOfLifeTests" */ = {
			isa = XCConfigurationList;
			buildConfigurations = (
				C5A87F9A2449C20C00FF18B5 /* Debug */,
				C5A87F9B2449C20C00FF18B5 /* Release */,
			);
			defaultConfigurationIsVisible = 0;
			defaultConfigurationName = Release;
		};
		C5A87F9C2449C20C00FF18B5 /* Build configuration list for PBXNativeTarget "GameOfLifeUITests" */ = {
			isa = XCConfigurationList;
			buildConfigurations = (
				C5A87F9D2449C20C00FF18B5 /* Debug */,
				C5A87F9E2449C20C00FF18B5 /* Release */,
			);
			defaultConfigurationIsVisible = 0;
			defaultConfigurationName = Release;
		};
/* End XCConfigurationList section */
	};
	rootObject = C5A87F622449C20800FF18B5 /* Project object */;
}
